{
  "name": "sp-tnt",
  "version": "1.0.0",
  "lockfileVersion": 1,
  "requires": true,
  "dependencies": {
    "sp-math": {
      "version": "1.0.0",
      "resolved": "https://registry.npmjs.org/sp-math/-/sp-math-1.0.0.tgz",
      "integrity": "sha512-Yug9oZSMDL9rT+/7is7cDmyEUu2WH15fxzwpDv5nmUu1D1fiJ6z6qG+6AY+PzNsa4du+ayqcU8Gzap3UKSJUyQ=="
    }
  }
}
